
Microsoft Visual Studio Solution File, Format Version 12.00
# Visual Studio Version 16
VisualStudioVersion = 16.0.29409.12
MinimumVisualStudioVersion = 10.0.40219.1
Project("{9A19103F-16F7-4668-BE54-9A1E7A4F7556}") = "BasicPrograms", "BasicPrograms.csproj", "{DD122F56-93A4-4654-8C8E-41FDC39D267C}"
EndProject
Global
	GlobalSection(SolutionConfigurationPlatforms) = preSolution
		Debug|Any CPU = Debug|Any CPU
		Release|Any CPU = Release|Any CPU
	EndGlobalSection
	GlobalSection(ProjectConfigurationPlatforms) = postSolution
		{DD122F56-93A4-4654-8C8E-41FDC39D267C}.Debug|Any CPU.ActiveCfg = Debug|Any CPU
		{DD122F56-93A4-4654-8C8E-41FDC39D267C}.Debug|Any CPU.Build.0 = Debug|Any CPU
		{DD122F56-93A4-4654-8C8E-41FDC39D267C}.Release|Any CPU.ActiveCfg = Release|Any CPU
		{DD122F56-93A4-4654-8C8E-41FDC39D267C}.Release|Any CPU.Build.0 = Release|Any CPU
	EndGlobalSection
	GlobalSection(SolutionProperties) = preSolution
		HideSolutionNode = FALSE
	EndGlobalSection
	GlobalSection(ExtensibilityGlobals) = postSolution
		SolutionGuid = {FC634629-C68F-4732-93B5-F5914A54FCDD}
	EndGlobalSection
EndGlobal
